
Microsoft Visual Studio Solution File, Format Version 12.00
# Visual Studio Version 16
VisualStudioVersion = 16.0.31129.286
MinimumVisualStudioVersion = 10.0.40219.1
Project("{FAE04EC0-301F-11D3-BF4B-00C04F79EFBC}") = "SE256_Lab_MikeL", "SE256_Lab_MikeL.csproj", "{32C47A87-6A66-4386-9E6E-71667D5FB620}"
EndProject
Global
	GlobalSection(SolutionConfigurationPlatforms) = preSolution
		Debug|Any CPU = Debug|Any CPU
		Release|Any CPU = Release|Any CPU
	EndGlobalSection
	GlobalSection(ProjectConfigurationPlatforms) = postSolution
		{32C47A87-6A66-4386-9E6E-71667D5FB620}.Debug|Any CPU.ActiveCfg = Debug|Any CPU
		{32C47A87-6A66-4386-9E6E-71667D5FB620}.Debug|Any CPU.Build.0 = Debug|Any CPU
		{32C47A87-6A66-4386-9E6E-71667D5FB620}.Release|Any CPU.ActiveCfg = Release|Any CPU
		{32C47A87-6A66-4386-9E6E-71667D5FB620}.Release|Any CPU.Build.0 = Release|Any CPU
	EndGlobalSection
	GlobalSection(SolutionProperties) = preSolution
		HideSolutionNode = FALSE
	EndGlobalSection
	GlobalSection(ExtensibilityGlobals) = postSolution
		SolutionGuid = {B5D034CF-AB61-4EFF-8292-5EBF799812D2}
	EndGlobalSection
EndGlobal
